// !$*UTF8*$!
{
	archiveVersion = 1;
	classes = {
	};
	objectVersion = 46;
	objects = {

/* Begin PBXBuildFile section */
		AF2A33441AB7B3DF00442A53 /* main.m in Sources */ = {isa = PBXBuildFile; fileRef = AF2A33431AB7B3DF00442A53 /* main.m */; };
		AF2A33471AB7B3DF00442A53 /* AppDelegate.m in Sources */ = {isa = PBXBuildFile; fileRef = AF2A33461AB7B3DF00442A53 /* AppDelegate.m */; };
		AF2A334A1AB7B3DF00442A53 /* ViewController.m in Sources */ = {isa = PBXBuildFile; fileRef = AF2A33491AB7B3DF00442A53 /* ViewController.m */; };
		AF2A334D1AB7B3DF00442A53 /* Main.storyboard in Resources */ = {isa = PBXBuildFile; fileRef = AF2A334B1AB7B3DF00442A53 /* Main.storyboard */; };
		AF2A334F1AB7B3DF00442A53 /* Images.xcassets in Resources */ = {isa = PBXBuildFile; fileRef = AF2A334E1AB7B3DF00442A53 /* Images.xcassets */; };
		AF2A33521AB7B3DF00442A53 /* LaunchScreen.xib in Resources */ = {isa = PBXBuildFile; fileRef = AF2A33501AB7B3DF00442A53 /* LaunchScreen.xib */; };
		AF2A335E1AB7B3DF00442A53 /* NeuburgTests.m in Sources */ = {isa = PBXBuildFile; fileRef = AF2A335D1AB7B3DF00442A53 /* NeuburgTests.m */; };
		AF8209121ABB6806003A222C /* Pg7ViewController.m in Sources */ = {isa = PBXBuildFile; fileRef = AF8209111ABB6806003A222C /* Pg7ViewController.m */; };
		AFE3C8D21AB8788A00BB864C /* Pg2ViewController.m in Sources */ = {isa = PBXBuildFile; fileRef = AFE3C8D11AB8788A00BB864C /* Pg2ViewController.m */; };
		AFE3C8D51AB87A2800BB864C /* Pg3ViewController.m in Sources */ = {isa = PBXBuildFile; fileRef = AFE3C8D41AB87A2800BB864C /* Pg3ViewController.m */; };
		AFE3C8D81AB8952B00BB864C /* Pg4ViewController.m in Sources */ = {isa = PBXBuildFile; fileRef = AFE3C8D71AB8952B00BB864C /* Pg4ViewController.m */; };
		AFE3C8DB1AB8954700BB864C /* Pg5ViewController.m in Sources */ = {isa = PBXBuildFile; fileRef = AFE3C8DA1AB8954700BB864C /* Pg5ViewController.m */; };
		AFE3C8DE1AB8B22800BB864C /* Pg6ViewController.m in Sources */ = {isa = PBXBuildFile; fileRef = AFE3C8DD1AB8B22800BB864C /* Pg6ViewController.m */; };
/* End PBXBuildFile section */

/* Begin PBXContainerItemProxy section */
		AF2A33581AB7B3DF00442A53 /* PBXContainerItemProxy */ = {
			isa = PBXContainerItemProxy;
			containerPortal = AF2A33361AB7B3DF00442A53 /* Project object */;
			proxyType = 1;
			remoteGlobalIDString = AF2A333D1AB7B3DF00442A53;
			remoteInfo = Neuburg;
		};
/* End PBXContainerItemProxy section */

/* Begin PBXFileReference section */
		AF2A333E1AB7B3DF00442A53 /* Neuburg.app */ = {isa = PBXFileReference; explicitFileType = wrapper.application; includeInIndex = 0; path = Neuburg.app; sourceTree = BUILT_PRODUCTS_DIR; };
		AF2A33421AB7B3DF00442A53 /* Info.plist */ = {isa = PBXFileReference; lastKnownFileType = text.plist.xml; path = Info.plist; sourceTree = "<group>"; };
		AF2A33431AB7B3DF00442A53 /* main.m */ = {isa = PBXFileReference; lastKnownFileType = sourcecode.c.objc; path = main.m; sourceTree = "<group>"; };
		AF2A33451AB7B3DF00442A53 /* AppDelegate.h */ = {isa = PBXFileReference; lastKnownFileType = sourcecode.c.h; path = AppDelegate.h; sourceTree = "<group>"; };
		AF2A33461AB7B3DF00442A53 /* AppDelegate.m */ = {isa = PBXFileReference; lastKnownFileType = sourcecode.c.objc; path = AppDelegate.m; sourceTree = "<group>"; };
		AF2A33481AB7B3DF00442A53 /* ViewController.h */ = {isa = PBXFileReference; lastKnownFileType = sourcecode.c.h; path = ViewController.h; sourceTree = "<group>"; };
		AF2A33491AB7B3DF00442A53 /* ViewController.m */ = {isa = PBXFileReference; lastKnownFileType = sourcecode.c.objc; path = ViewController.m; sourceTree = "<group>"; };
		AF2A334C1AB7B3DF00442A53 /* Base */ = {isa = PBXFileReference; lastKnownFileType = file.storyboard; name = Base; path = Base.lproj/Main.storyboard; sourceTree = "<group>"; };
		AF2A334E1AB7B3DF00442A53 /* Images.xcassets */ = {isa = PBXFileReference; lastKnownFileType = folder.assetcatalog; path = Images.xcassets; sourceTree = "<group>"; };
		AF2A33511AB7B3DF00442A53 /* Base */ = {isa = PBXFileReference; lastKnownFileType = file.xib; name = Base; path = Base.lproj/LaunchScreen.xib; sourceTree = "<group>"; };
		AF2A33571AB7B3DF00442A53 /* NeuburgTests.xctest */ = {isa = PBXFileReference; explicitFileType = wrapper.cfbundle; includeInIndex = 0; path = NeuburgTests.xctest; sourceTree = BUILT_PRODUCTS_DIR; };
		AF2A335C1AB7B3DF00442A53 /* Info.plist */ = {isa = PBXFileReference; lastKnownFileType = text.plist.xml; path = Info.plist; sourceTree = "<group>"; };
		AF2A335D1AB7B3DF00442A53 /* NeuburgTests.m */ = {isa = PBXFileReference; lastKnownFileType = sourcecode.c.objc; path = NeuburgTests.m; sourceTree = "<group>"; };
		AF8209101ABB6806003A222C /* Pg7ViewController.h */ = {isa = PBXFileReference; fileEncoding = 4; lastKnownFileType = sourcecode.c.h; path = Pg7ViewController.h; sourceTree = "<group>"; };
		AF8209111ABB6806003A222C /* Pg7ViewController.m */ = {isa = PBXFileReference; fileEncoding = 4; lastKnownFileType = sourcecode.c.objc; path = Pg7ViewController.m; sourceTree = "<group>"; };
		AFE3C8D01AB8788A00BB864C /* Pg2ViewController.h */ = {isa = PBXFileReference; fileEncoding = 4; lastKnownFileType = sourcecode.c.h; path = Pg2ViewController.h; sourceTree = "<group>"; };
		AFE3C8D11AB8788A00BB864C /* Pg2ViewController.m */ = {isa = PBXFileReference; fileEncoding = 4; lastKnownFileType = sourcecode.c.objc; path = Pg2ViewController.m; sourceTree = "<group>"; };
		AFE3C8D31AB87A2800BB864C /* Pg3ViewController.h */ = {isa = PBXFileReference; fileEncoding = 4; lastKnownFileType = sourcecode.c.h; path = Pg3ViewController.h; sourceTree = "<group>"; };
		AFE3C8D41AB87A2800BB864C /* Pg3ViewController.m */ = {isa = PBXFileReference; fileEncoding = 4; lastKnownFileType = sourcecode.c.objc; path = Pg3ViewController.m; sourceTree = "<group>"; };
		AFE3C8D61AB8952B00BB864C /* Pg4ViewController.h */ = {isa = PBXFileReference; fileEncoding = 4; lastKnownFileType = sourcecode.c.h; path = Pg4ViewController.h; sourceTree = "<group>"; };
		AFE3C8D71AB8952B00BB864C /* Pg4ViewController.m */ = {isa = PBXFileReference; fileEncoding = 4; lastKnownFileType = sourcecode.c.objc; path = Pg4ViewController.m; sourceTree = "<group>"; };
		AFE3C8D91AB8954700BB864C /* Pg5ViewController.h */ = {isa = PBXFileReference; fileEncoding = 4; lastKnownFileType = sourcecode.c.h; path = Pg5ViewController.h; sourceTree = "<group>"; };
		AFE3C8DA1AB8954700BB864C /* Pg5ViewController.m */ = {isa = PBXFileReference; fileEncoding = 4; lastKnownFileType = sourcecode.c.objc; path = Pg5ViewController.m; sourceTree = "<group>"; };
		AFE3C8DC1AB8B22800BB864C /* Pg6ViewController.h */ = {isa = PBXFileReference; fileEncoding = 4; lastKnownFileType = sourcecode.c.h; path = Pg6ViewController.h; sourceTree = "<group>"; };
		AFE3C8DD1AB8B22800BB864C /* Pg6ViewController.m */ = {isa = PBXFileReference; fileEncoding = 4; lastKnownFileType = sourcecode.c.objc; path = Pg6ViewController.m; sourceTree = "<group>"; };
/* End PBXFileReference section */

/* Begin PBXFrameworksBuildPhase section */
		AF2A333B1AB7B3DF00442A53 /* Frameworks */ = {
			isa = PBXFrameworksBuildPhase;
			buildActionMask = 2147483647;
			files = (
			);
			runOnlyForDeploymentPostprocessing = 0;
		};
		AF2A33541AB7B3DF00442A53 /* Frameworks */ = {
			isa = PBXFrameworksBuildPhase;
			buildActionMask = 2147483647;
			files = (
			);
			runOnlyForDeploymentPostprocessing = 0;
		};
/* End PBXFrameworksBuildPhase section */

/* Begin PBXGroup section */
		AF2A33351AB7B3DF00442A53 = {
			isa = PBXGroup;
			children = (
				AF2A33401AB7B3DF00442A53 /* Neuburg */,
				AF2A335A1AB7B3DF00442A53 /* NeuburgTests */,
				AF2A333F1AB7B3DF00442A53 /* Products */,
			);
			sourceTree = "<group>";
		};
		AF2A333F1AB7B3DF00442A53 /* Products */ = {
			isa = PBXGroup;
			children = (
				AF2A333E1AB7B3DF00442A53 /* Neuburg.app */,
				AF2A33571AB7B3DF00442A53 /* NeuburgTests.xctest */,
			);
			name = Products;
			sourceTree = "<group>";
		};
		AF2A33401AB7B3DF00442A53 /* Neuburg */ = {
			isa = PBXGroup;
			children = (
				AF2A33451AB7B3DF00442A53 /* AppDelegate.h */,
				AF2A33461AB7B3DF00442A53 /* AppDelegate.m */,
				AF2A33481AB7B3DF00442A53 /* ViewController.h */,
				AF2A33491AB7B3DF00442A53 /* ViewController.m */,
				AFE3C8D01AB8788A00BB864C /* Pg2ViewController.h */,
				AFE3C8D11AB8788A00BB864C /* Pg2ViewController.m */,
				AFE3C8D31AB87A2800BB864C /* Pg3ViewController.h */,
				AFE3C8D41AB87A2800BB864C /* Pg3ViewController.m */,
				AFE3C8D61AB8952B00BB864C /* Pg4ViewController.h */,
				AFE3C8D71AB8952B00BB864C /* Pg4ViewController.m */,
				AFE3C8D91AB8954700BB864C /* Pg5ViewController.h */,
				AFE3C8DA1AB8954700BB864C /* Pg5ViewController.m */,
				AFE3C8DC1AB8B22800BB864C /* Pg6ViewController.h */,
				AFE3C8DD1AB8B22800BB864C /* Pg6ViewController.m */,
				AF8209101ABB6806003A222C /* Pg7ViewController.h */,
				AF8209111ABB6806003A222C /* Pg7ViewController.m */,
				AF2A334B1AB7B3DF00442A53 /* Main.storyboard */,
				AF2A334E1AB7B3DF00442A53 /* Images.xcassets */,
				AF2A33501AB7B3DF00442A53 /* LaunchScreen.xib */,
				AF2A33411AB7B3DF00442A53 /* Supporting Files */,
			);
			path = Neuburg;
			sourceTree = "<group>";
		};
		AF2A33411AB7B3DF00442A53 /* Supporting Files */ = {
			isa = PBXGroup;
			children = (
				AF2A33421AB7B3DF00442A53 /* Info.plist */,
				AF2A33431AB7B3DF00442A53 /* main.m */,
			);
			name = "Supporting Files";
			sourceTree = "<group>";
		};
		AF2A335A1AB7B3DF00442A53 /* NeuburgTests */ = {
			isa = PBXGroup;
			children = (
				AF2A335D1AB7B3DF00442A53 /* NeuburgTests.m */,
				AF2A335B1AB7B3DF00442A53 /* Supporting Files */,
			);
			path = NeuburgTests;
			sourceTree = "<group>";
		};
		AF2A335B1AB7B3DF00442A53 /* Supporting Files */ = {
			isa = PBXGroup;
			children = (
				AF2A335C1AB7B3DF00442A53 /* Info.plist */,
			);
			name = "Supporting Files";
			sourceTree = "<group>";
		};
/* End PBXGroup section */

/* Begin PBXNativeTarget section */
		AF2A333D1AB7B3DF00442A53 /* Neuburg */ = {
			isa = PBXNativeTarget;
			buildConfigurationList = AF2A33611AB7B3DF00442A53 /* Build configuration list for PBXNativeTarget "Neuburg" */;
			buildPhases = (
				AF2A333A1AB7B3DF00442A53 /* Sources */,
				AF2A333B1AB7B3DF00442A53 /* Frameworks */,
				AF2A333C1AB7B3DF00442A53 /* Resources */,
			);
			buildRules = (
			);
			dependencies = (
			);
			name = Neuburg;
			productName = Neuburg;
			productReference = AF2A333E1AB7B3DF00442A53 /* Neuburg.app */;
			productType = "com.apple.product-type.application";
		};
		AF2A33561AB7B3DF00442A53 /* NeuburgTests */ = {
			isa = PBXNativeTarget;
			buildConfigurationList = AF2A33641AB7B3DF00442A53 /* Build configuration list for PBXNativeTarget "NeuburgTests" */;
			buildPhases = (
				AF2A33531AB7B3DF00442A53 /* Sources */,
				AF2A33541AB7B3DF00442A53 /* Frameworks */,
				AF2A33551AB7B3DF00442A53 /* Resources */,
			);
			buildRules = (
			);
			dependencies = (
				AF2A33591AB7B3DF00442A53 /* PBXTargetDependency */,
			);
			name = NeuburgTests;
			productName = NeuburgTests;
			productReference = AF2A33571AB7B3DF00442A53 /* NeuburgTests.xctest */;
			productType = "com.apple.product-type.bundle.unit-test";
		};
/* End PBXNativeTarget section */

/* Begin PBXProject section */
		AF2A33361AB7B3DF00442A53 /* Project object */ = {
			isa = PBXProject;
			attributes = {
				LastUpgradeCheck = 0620;
				ORGANIZATIONNAME = "Mario Abruzzi";
				TargetAttributes = {
					AF2A333D1AB7B3DF00442A53 = {
						CreatedOnToolsVersion = 6.2;
					};
					AF2A33561AB7B3DF00442A53 = {
						CreatedOnToolsVersion = 6.2;
						TestTargetID = AF2A333D1AB7B3DF00442A53;
					};
				};
			};
			buildConfigurationList = AF2A33391AB7B3DF00442A53 /* Build configuration list for PBXProject "Neuburg" */;
			compatibilityVersion = "Xcode 3.2";
			developmentRegion = English;
			hasScannedForEncodings = 0;
			knownRegions = (
				en,
				Base,
			);
			mainGroup = AF2A33351AB7B3DF00442A53;
			productRefGroup = AF2A333F1AB7B3DF00442A53 /* Products */;
			projectDirPath = "";
			projectRoot = "";
			targets = (
				AF2A333D1AB7B3DF00442A53 /* Neuburg */,
				AF2A33561AB7B3DF00442A53 /* NeuburgTests */,
			);
		};
/* End PBXProject section */

/* Begin PBXResourcesBuildPhase section */
		AF2A333C1AB7B3DF00442A53 /* Resources */ = {
			isa = PBXResourcesBuildPhase;
			buildActionMask = 2147483647;
			files = (
				AF2A334D1AB7B3DF00442A53 /* Main.storyboard in Resources */,
				AF2A33521AB7B3DF00442A53 /* LaunchScreen.xib in Resources */,
				AF2A334F1AB7B3DF00442A53 /* Images.xcassets in Resources */,
			);
			runOnlyForDeploymentPostprocessing = 0;
		};
		AF2A33551AB7B3DF00442A53 /* Resources */ = {
			isa = PBXResourcesBuildPhase;
			buildActionMask = 2147483647;
			files = (
			);
			runOnlyForDeploymentPostprocessing = 0;
		};
/* End PBXResourcesBuildPhase section */

/* Begin PBXSourcesBuildPhase section */
		AF2A333A1AB7B3DF00442A53 /* Sources */ = {
			isa = PBXSourcesBuildPhase;
			buildActionMask = 2147483647;
			files = (
				AF8209121ABB6806003A222C /* Pg7ViewController.m in Sources */,
				AFE3C8D51AB87A2800BB864C /* Pg3ViewController.m in Sources */,
				AF2A334A1AB7B3DF00442A53 /* ViewController.m in Sources */,
				AFE3C8DE1AB8B22800BB864C /* Pg6ViewController.m in Sources */,
				AFE3C8D81AB8952B00BB864C /* Pg4ViewController.m in Sources */,
				AF2A33471AB7B3DF00442A53 /* AppDelegate.m in Sources */,
				AFE3C8D21AB8788A00BB864C /* Pg2ViewController.m in Sources */,
				AF2A33441AB7B3DF00442A53 /* main.m in Sources */,
				AFE3C8DB1AB8954700BB864C /* Pg5ViewController.m in Sources */,
			);
			runOnlyForDeploymentPostprocessing = 0;
		};
		AF2A33531AB7B3DF00442A53 /* Sources */ = {
			isa = PBXSourcesBuildPhase;
			buildActionMask = 2147483647;
			files = (
				AF2A335E1AB7B3DF00442A53 /* NeuburgTests.m in Sources */,
			);
			runOnlyForDeploymentPostprocessing = 0;
		};
/* End PBXSourcesBuildPhase section */

/* Begin PBXTargetDependency section */
		AF2A33591AB7B3DF00442A53 /* PBXTargetDependency */ = {
			isa = PBXTargetDependency;
			target = AF2A333D1AB7B3DF00442A53 /* Neuburg */;
			targetProxy = AF2A33581AB7B3DF00442A53 /* PBXContainerItemProxy */;
		};
/* End PBXTargetDependency section */

/* Begin PBXVariantGroup section */
		AF2A334B1AB7B3DF00442A53 /* Main.storyboard */ = {
			isa = PBXVariantGroup;
			children = (
				AF2A334C1AB7B3DF00442A53 /* Base */,
			);
			name = Main.storyboard;
			sourceTree = "<group>";
		};
		AF2A33501AB7B3DF00442A53 /* LaunchScreen.xib */ = {
			isa = PBXVariantGroup;
			children = (
				AF2A33511AB7B3DF00442A53 /* Base */,
			);
			name = LaunchScreen.xib;
			sourceTree = "<group>";
		};
/* End PBXVariantGroup section */

/* Begin XCBuildConfiguration section */
		AF2A335F1AB7B3DF00442A53 /* Debug */ = {
			isa = XCBuildConfiguration;
			buildSettings = {
				ALWAYS_SEARCH_USER_PATHS = NO;
				CLANG_CXX_LANGUAGE_STANDARD = "gnu++0x";
				CLANG_CXX_LIBRARY = "libc++";
				CLANG_ENABLE_MODULES = YES;
				CLANG_ENABLE_OBJC_ARC = YES;
				CLANG_WARN_BOOL_CONVERSION = YES;
				CLANG_WARN_CONSTANT_CONVERSION = YES;
				CLANG_WARN_DIRECT_OBJC_ISA_USAGE = YES_ERROR;
				CLANG_WARN_EMPTY_BODY = YES;
				CLANG_WARN_ENUM_CONVERSION = YES;
				CLANG_WARN_INT_CONVERSION = YES;
				CLANG_WARN_OBJC_ROOT_CLASS = YES_ERROR;
				CLANG_WARN_UNREACHABLE_CODE = YES;
				CLANG_WARN__DUPLICATE_METHOD_MATCH = YES;
				"CODE_SIGN_IDENTITY[sdk=iphoneos*]" = "iPhone Developer";
				COPY_PHASE_STRIP = NO;
				ENABLE_STRICT_OBJC_MSGSEND = YES;
				GCC_C_LANGUAGE_STANDARD = gnu99;
				GCC_DYNAMIC_NO_PIC = NO;
				GCC_OPTIMIZATION_LEVEL = 0;
				GCC_PREPROCESSOR_DEFINITIONS = (
					"DEBUG=1",
					"$(inherited)",
				);
				GCC_SYMBOLS_PRIVATE_EXTERN = NO;
				GCC_WARN_64_TO_32_BIT_CONVERSION = YES;
				GCC_WARN_ABOUT_RETURN_TYPE = YES_ERROR;
				GCC_WARN_UNDECLARED_SELECTOR = YES;
				GCC_WARN_UNINITIALIZED_AUTOS = YES_AGGRESSIVE;
				GCC_WARN_UNUSED_FUNCTION = YES;
				GCC_WARN_UNUSED_VARIABLE = YES;
				IPHONEOS_DEPLOYMENT_TARGET = 8.2;
				MTL_ENABLE_DEBUG_INFO = YES;
				ONLY_ACTIVE_ARCH = YES;
				SDKROOT = iphoneos;
				TARGETED_DEVICE_FAMILY = "1,2";
			};
			name = Debug;
		};
		AF2A33601AB7B3DF00442A53 /* Release */ = {
			isa = XCBuildConfiguration;
			buildSettings = {
				ALWAYS_SEARCH_USER_PATHS = NO;
				CLANG_CXX_LANGUAGE_STANDARD = "gnu++0x";
				CLANG_CXX_LIBRARY = "libc++";
				CLANG_ENABLE_MODULES = YES;
				CLANG_ENABLE_OBJC_ARC = YES;
				CLANG_WARN_BOOL_CONVERSION = YES;
				CLANG_WARN_CONSTANT_CONVERSION = YES;
				CLANG_WARN_DIRECT_OBJC_ISA_USAGE = YES_ERROR;
				CLANG_WARN_EMPTY_BODY = YES;
				CLANG_WARN_ENUM_CONVERSION = YES;
				CLANG_WARN_INT_CONVERSION = YES;
				CLANG_WARN_OBJC_ROOT_CLASS = YES_ERROR;
				CLANG_WARN_UNREACHABLE_CODE = YES;
				CLANG_WARN__DUPLICATE_METHOD_MATCH = YES;
				"CODE_SIGN_IDENTITY[sdk=iphoneos*]" = "iPhone Developer";
				COPY_PHASE_STRIP = NO;
				ENABLE_NS_ASSERTIONS = NO;
				ENABLE_STRICT_OBJC_MSGSEND = YES;
				GCC_C_LANGUAGE_STANDARD = gnu99;
				GCC_WARN_64_TO_32_BIT_CONVERSION = YES;
				GCC_WARN_ABOUT_RETURN_TYPE = YES_ERROR;
				GCC_WARN_UNDECLARED_SELECTOR = YES;
				GCC_WARN_UNINITIALIZED_AUTOS = YES_AGGRESSIVE;
				GCC_WARN_UNUSED_FUNCTION = YES;
				GCC_WARN_UNUSED_VARIABLE = YES;
				IPHONEOS_DEPLOYMENT_TARGET = 8.2;
				MTL_ENABLE_DEBUG_INFO = NO;
				SDKROOT = iphoneos;
				TARGETED_DEVICE_FAMILY = "1,2";
				VALIDATE_PRODUCT = YES;
			};
			name = Release;
		};
		AF2A33621AB7B3DF00442A53 /* Debug */ = {
			isa = XCBuildConfiguration;
			buildSettings = {
				ASSETCATALOG_COMPILER_APPICON_NAME = AppIcon;
				INFOPLIST_FILE = Neuburg/Info.plist;
				LD_RUNPATH_SEARCH_PATHS = "$(inherited) @executable_path/Frameworks";
				PRODUCT_NAME = "$(TARGET_NAME)";
			};
			name = Debug;
		};
		AF2A33631AB7B3DF00442A53 /* Release */ = {
			isa = XCBuildConfiguration;
			buildSettings = {
				ASSETCATALOG_COMPILER_APPICON_NAME = AppIcon;
				INFOPLIST_FILE = Neuburg/Info.plist;
				LD_RUNPATH_SEARCH_PATHS = "$(inherited) @executable_path/Frameworks";
				PRODUCT_NAME = "$(TARGET_NAME)";
			};
			name = Release;
		};
		AF2A33651AB7B3DF00442A53 /* Debug */ = {
			isa = XCBuildConfiguration;
			buildSettings = {
				BUNDLE_LOADER = "$(TEST_HOST)";
				FRAMEWORK_SEARCH_PATHS = (
					"$(SDKROOT)/Developer/Library/Frameworks",
					"$(inherited)",
				);
				GCC_PREPROCESSOR_DEFINITIONS = (
					"DEBUG=1",
					"$(inherited)",
				);
				INFOPLIST_FILE = NeuburgTests/Info.plist;
				LD_RUNPATH_SEARCH_PATHS = "$(inherited) @executable_path/Frameworks @loader_path/Frameworks";
				PRODUCT_NAME = "$(TARGET_NAME)";
				TEST_HOST = "$(BUILT_PRODUCTS_DIR)/Neuburg.app/Neuburg";
			};
			name = Debug;
		};
		AF2A33661AB7B3DF00442A53 /* Release */ = {
			isa = XCBuildConfiguration;
			buildSettings = {
				BUNDLE_LOADER = "$(TEST_HOST)";
				FRAMEWORK_SEARCH_PATHS = (
					"$(SDKROOT)/Developer/Library/Frameworks",
					"$(inherited)",
				);
				INFOPLIST_FILE = NeuburgTests/Info.plist;
				LD_RUNPATH_SEARCH_PATHS = "$(inherited) @executable_path/Frameworks @loader_path/Frameworks";
				PRODUCT_NAME = "$(TARGET_NAME)";
				TEST_HOST = "$(BUILT_PRODUCTS_DIR)/Neuburg.app/Neuburg";
			};
			name = Release;
		};
/* End XCBuildConfiguration section */

/* Begin XCConfigurationList section */
		AF2A33391AB7B3DF00442A53 /* Build configuration list for PBXProject "Neuburg" */ = {
			isa = XCConfigurationList;
			buildConfigurations = (
				AF2A335F1AB7B3DF00442A53 /* Debug */,
				AF2A33601AB7B3DF00442A53 /* Release */,
			);
			defaultConfigurationIsVisible = 0;
			defaultConfigurationName = Release;
		};
		AF2A33611AB7B3DF00442A53 /* Build configuration list for PBXNativeTarget "Neuburg" */ = {
			isa = XCConfigurationList;
			buildConfigurations = (
				AF2A33621AB7B3DF00442A53 /* Debug */,
				AF2A33631AB7B3DF00442A53 /* Release */,
			);
			defaultConfigurationIsVisible = 0;
			defaultConfigurationName = Release;
		};
		AF2A33641AB7B3DF00442A53 /* Build configuration list for PBXNativeTarget "NeuburgTests" */ = {
			isa = XCConfigurationList;
			buildConfigurations = (
				AF2A33651AB7B3DF00442A53 /* Debug */,
				AF2A33661AB7B3DF00442A53 /* Release */,
			);
			defaultConfigurationIsVisible = 0;
			defaultConfigurationName = Release;
		};
/* End XCConfigurationList section */
	};
	rootObject = AF2A33361AB7B3DF00442A53 /* Project object */;
}
